
Microsoft Visual Studio Solution File, Format Version 12.00
# Visual Studio Version 17
VisualStudioVersion = 17.8.34309.116
MinimumVisualStudioVersion = 10.0.40219.1
Project("{9A19103F-16F7-4668-BE54-9A1E7A4F7556}") = "KeyCloakAuth", "KeyCloakAuth\KeyCloakAuth.csproj", "{3A244BA6-E2B5-4CD8-BD44-3BC2E0FA5651}"
EndProject
Project("{FAE04EC0-301F-11D3-BF4B-00C04F79EFBC}") = "KeyCloakAuthenticate", "KeyCloakAuthenticate\KeyCloakAuthenticate.csproj", "{7793E757-7DE0-4857-A8DC-F761F06C9541}"
EndProject
Global
	GlobalSection(SolutionConfigurationPlatforms) = preSolution
		Debug|Any CPU = Debug|Any CPU
		Release|Any CPU = Release|Any CPU
	EndGlobalSection
	GlobalSection(ProjectConfigurationPlatforms) = postSolution
		{3A244BA6-E2B5-4CD8-BD44-3BC2E0FA5651}.Debug|Any CPU.ActiveCfg = Debug|Any CPU
		{3A244BA6-E2B5-4CD8-BD44-3BC2E0FA5651}.Debug|Any CPU.Build.0 = Debug|Any CPU
		{3A244BA6-E2B5-4CD8-BD44-3BC2E0FA5651}.Release|Any CPU.ActiveCfg = Release|Any CPU
		{3A244BA6-E2B5-4CD8-BD44-3BC2E0FA5651}.Release|Any CPU.Build.0 = Release|Any CPU
		{7793E757-7DE0-4857-A8DC-F761F06C9541}.Debug|Any CPU.ActiveCfg = Debug|Any CPU
		{7793E757-7DE0-4857-A8DC-F761F06C9541}.Debug|Any CPU.Build.0 = Debug|Any CPU
		{7793E757-7DE0-4857-A8DC-F761F06C9541}.Release|Any CPU.ActiveCfg = Release|Any CPU
		{7793E757-7DE0-4857-A8DC-F761F06C9541}.Release|Any CPU.Build.0 = Release|Any CPU
	EndGlobalSection
	GlobalSection(SolutionProperties) = preSolution
		HideSolutionNode = FALSE
	EndGlobalSection
	GlobalSection(ExtensibilityGlobals) = postSolution
		SolutionGuid = {65DF58E0-174D-460E-9328-94987B8F3F2A}
	EndGlobalSection
EndGlobal
